
Microsoft Visual Studio Solution File, Format Version 12.00
# Visual Studio Version 17
VisualStudioVersion = 17.10.35027.167
MinimumVisualStudioVersion = 10.0.40219.1
Project("{FAE04EC0-301F-11D3-BF4B-00C04F79EFBC}") = "U_OnlineBazer", "U_OnlineBazer\U_OnlineBazer.csproj", "{89E7577D-9556-4935-99B7-13B49D0FB5B8}"
EndProject
Global
	GlobalSection(SolutionConfigurationPlatforms) = preSolution
		Debug|Any CPU = Debug|Any CPU
		Release|Any CPU = Release|Any CPU
	EndGlobalSection
	GlobalSection(ProjectConfigurationPlatforms) = postSolution
		{89E7577D-9556-4935-99B7-13B49D0FB5B8}.Debug|Any CPU.ActiveCfg = Debug|Any CPU
		{89E7577D-9556-4935-99B7-13B49D0FB5B8}.Debug|Any CPU.Build.0 = Debug|Any CPU
		{89E7577D-9556-4935-99B7-13B49D0FB5B8}.Release|Any CPU.ActiveCfg = Release|Any CPU
		{89E7577D-9556-4935-99B7-13B49D0FB5B8}.Release|Any CPU.Build.0 = Release|Any CPU
	EndGlobalSection
	GlobalSection(SolutionProperties) = preSolution
		HideSolutionNode = FALSE
	EndGlobalSection
	GlobalSection(ExtensibilityGlobals) = postSolution
		SolutionGuid = {B93B3A2F-194F-4D09-AB79-0F5E0AD591C3}
	EndGlobalSection
EndGlobal
